# This file is automatically @generated by Cargo.
# It is not intended for manual editing.
version = 3

[[package]]
name = "program"
version = "1.0.0"
source = "git+git://git.dragonma.us/rust/program#f00c8cfced5c3cc15fdc0f4ffb0400f6df7dcd2d"

[[package]]
name = "ratios"
version = "1.0.0"
dependencies = [
 "program",
]
